
Microsoft Visual Studio Solution File, Format Version 12.00
# Visual Studio Version 17
VisualStudioVersion = 17.7.34003.232
MinimumVisualStudioVersion = 10.0.40219.1
Project("{FAE04EC0-301F-11D3-BF4B-00C04F79EFBC}") = "WinFormsApp9", "WinFormsApp9\WinFormsApp9.csproj", "{A66DF68E-8A3E-4D1F-BA60-83A0F2914218}"
EndProject
Global
	GlobalSection(SolutionConfigurationPlatforms) = preSolution
		Debug|Any CPU = Debug|Any CPU
		Release|Any CPU = Release|Any CPU
	EndGlobalSection
	GlobalSection(ProjectConfigurationPlatforms) = postSolution
		{A66DF68E-8A3E-4D1F-BA60-83A0F2914218}.Debug|Any CPU.ActiveCfg = Debug|Any CPU
		{A66DF68E-8A3E-4D1F-BA60-83A0F2914218}.Debug|Any CPU.Build.0 = Debug|Any CPU
		{A66DF68E-8A3E-4D1F-BA60-83A0F2914218}.Release|Any CPU.ActiveCfg = Release|Any CPU
		{A66DF68E-8A3E-4D1F-BA60-83A0F2914218}.Release|Any CPU.Build.0 = Release|Any CPU
	EndGlobalSection
	GlobalSection(SolutionProperties) = preSolution
		HideSolutionNode = FALSE
	EndGlobalSection
	GlobalSection(ExtensibilityGlobals) = postSolution
		SolutionGuid = {404A8BC0-27F0-4F10-B650-9BEADC823398}
	EndGlobalSection
EndGlobal
